// !$*UTF8*$!
{
	archiveVersion = 1;
	classes = {
	};
	objectVersion = 56;
	objects = {

/* Begin PBXBuildFile section */
		8862695F2C6CEBCF001334C7 /* AppDelegate.swift in Sources */ = {isa = PBXBuildFile; fileRef = 8862695E2C6CEBCF001334C7 /* AppDelegate.swift */; };
		886269612C6CEBCF001334C7 /* SceneDelegate.swift in Sources */ = {isa = PBXBuildFile; fileRef = 886269602C6CEBCF001334C7 /* SceneDelegate.swift */; };
		886269632C6CEBCF001334C7 /* ViewController.swift in Sources */ = {isa = PBXBuildFile; fileRef = 886269622C6CEBCF001334C7 /* ViewController.swift */; };
		886269662C6CEBCF001334C7 /* Base in Resources */ = {isa = PBXBuildFile; fileRef = 886269652C6CEBCF001334C7 /* Base */; };
		886269682C6CEBD0001334C7 /* Assets.xcassets in Resources */ = {isa = PBXBuildFile; fileRef = 886269672C6CEBD0001334C7 /* Assets.xcassets */; };
		8862696B2C6CEBD0001334C7 /* Base in Resources */ = {isa = PBXBuildFile; fileRef = 8862696A2C6CEBD0001334C7 /* Base */; };
		886269762C6CEBD0001334C7 /* giaidoan3Tests.swift in Sources */ = {isa = PBXBuildFile; fileRef = 886269752C6CEBD0001334C7 /* giaidoan3Tests.swift */; };
		886269802C6CEBD0001334C7 /* giaidoan3UITests.swift in Sources */ = {isa = PBXBuildFile; fileRef = 8862697F2C6CEBD0001334C7 /* giaidoan3UITests.swift */; };
		886269822C6CEBD0001334C7 /* giaidoan3UITestsLaunchTests.swift in Sources */ = {isa = PBXBuildFile; fileRef = 886269812C6CEBD0001334C7 /* giaidoan3UITestsLaunchTests.swift */; };
/* End PBXBuildFile section */

/* Begin PBXContainerItemProxy section */
		886269722C6CEBD0001334C7 /* PBXContainerItemProxy */ = {
			isa = PBXContainerItemProxy;
			containerPortal = 886269532C6CEBCF001334C7 /* Project object */;
			proxyType = 1;
			remoteGlobalIDString = 8862695A2C6CEBCF001334C7;
			remoteInfo = giaidoan3;
		};
		8862697C2C6CEBD0001334C7 /* PBXContainerItemProxy */ = {
			isa = PBXContainerItemProxy;
			containerPortal = 886269532C6CEBCF001334C7 /* Project object */;
			proxyType = 1;
			remoteGlobalIDString = 8862695A2C6CEBCF001334C7;
			remoteInfo = giaidoan3;
		};
/* End PBXContainerItemProxy section */

/* Begin PBXFileReference section */
		8862695B2C6CEBCF001334C7 /* giaidoan3.app */ = {isa = PBXFileReference; explicitFileType = wrapper.application; includeInIndex = 0; path = giaidoan3.app; sourceTree = BUILT_PRODUCTS_DIR; };
		8862695E2C6CEBCF001334C7 /* AppDelegate.swift */ = {isa = PBXFileReference; lastKnownFileType = sourcecode.swift; path = AppDelegate.swift; sourceTree = "<group>"; };
		886269602C6CEBCF001334C7 /* SceneDelegate.swift */ = {isa = PBXFileReference; lastKnownFileType = sourcecode.swift; path = SceneDelegate.swift; sourceTree = "<group>"; };
		886269622C6CEBCF001334C7 /* ViewController.swift */ = {isa = PBXFileReference; lastKnownFileType = sourcecode.swift; path = ViewController.swift; sourceTree = "<group>"; };
		886269652C6CEBCF001334C7 /* Base */ = {isa = PBXFileReference; lastKnownFileType = file.storyboard; name = Base; path = Base.lproj/Main.storyboard; sourceTree = "<group>"; };
		886269672C6CEBD0001334C7 /* Assets.xcassets */ = {isa = PBXFileReference; lastKnownFileType = folder.assetcatalog; path = Assets.xcassets; sourceTree = "<group>"; };
		8862696A2C6CEBD0001334C7 /* Base */ = {isa = PBXFileReference; lastKnownFileType = file.storyboard; name = Base; path = Base.lproj/LaunchScreen.storyboard; sourceTree = "<group>"; };
		8862696C2C6CEBD0001334C7 /* Info.plist */ = {isa = PBXFileReference; lastKnownFileType = text.plist.xml; path = Info.plist; sourceTree = "<group>"; };
		886269712C6CEBD0001334C7 /* giaidoan3Tests.xctest */ = {isa = PBXFileReference; explicitFileType = wrapper.cfbundle; includeInIndex = 0; path = giaidoan3Tests.xctest; sourceTree = BUILT_PRODUCTS_DIR; };
		886269752C6CEBD0001334C7 /* giaidoan3Tests.swift */ = {isa = PBXFileReference; lastKnownFileType = sourcecode.swift; path = giaidoan3Tests.swift; sourceTree = "<group>"; };
		8862697B2C6CEBD0001334C7 /* giaidoan3UITests.xctest */ = {isa = PBXFileReference; explicitFileType = wrapper.cfbundle; includeInIndex = 0; path = giaidoan3UITests.xctest; sourceTree = BUILT_PRODUCTS_DIR; };
		8862697F2C6CEBD0001334C7 /* giaidoan3UITests.swift */ = {isa = PBXFileReference; lastKnownFileType = sourcecode.swift; path = giaidoan3UITests.swift; sourceTree = "<group>"; };
		886269812C6CEBD0001334C7 /* giaidoan3UITestsLaunchTests.swift */ = {isa = PBXFileReference; lastKnownFileType = sourcecode.swift; path = giaidoan3UITestsLaunchTests.swift; sourceTree = "<group>"; };
/* End PBXFileReference section */

/* Begin PBXFrameworksBuildPhase section */
		886269582C6CEBCF001334C7 /* Frameworks */ = {
			isa = PBXFrameworksBuildPhase;
			buildActionMask = 2147483647;
			files = (
			);
			runOnlyForDeploymentPostprocessing = 0;
		};
		8862696E2C6CEBD0001334C7 /* Frameworks */ = {
			isa = PBXFrameworksBuildPhase;
			buildActionMask = 2147483647;
			files = (
			);
			runOnlyForDeploymentPostprocessing = 0;
		};
		886269782C6CEBD0001334C7 /* Frameworks */ = {
			isa = PBXFrameworksBuildPhase;
			buildActionMask = 2147483647;
			files = (
			);
			runOnlyForDeploymentPostprocessing = 0;
		};
/* End PBXFrameworksBuildPhase section */

/* Begin PBXGroup section */
		886269522C6CEBCF001334C7 = {
			isa = PBXGroup;
			children = (
				8862695D2C6CEBCF001334C7 /* giaidoan3 */,
				886269742C6CEBD0001334C7 /* giaidoan3Tests */,
				8862697E2C6CEBD0001334C7 /* giaidoan3UITests */,
				8862695C2C6CEBCF001334C7 /* Products */,
			);
			sourceTree = "<group>";
		};
		8862695C2C6CEBCF001334C7 /* Products */ = {
			isa = PBXGroup;
			children = (
				8862695B2C6CEBCF001334C7 /* giaidoan3.app */,
				886269712C6CEBD0001334C7 /* giaidoan3Tests.xctest */,
				8862697B2C6CEBD0001334C7 /* giaidoan3UITests.xctest */,
			);
			name = Products;
			sourceTree = "<group>";
		};
		8862695D2C6CEBCF001334C7 /* giaidoan3 */ = {
			isa = PBXGroup;
			children = (
				8862695E2C6CEBCF001334C7 /* AppDelegate.swift */,
				886269602C6CEBCF001334C7 /* SceneDelegate.swift */,
				886269622C6CEBCF001334C7 /* ViewController.swift */,
				886269642C6CEBCF001334C7 /* Main.storyboard */,
				886269672C6CEBD0001334C7 /* Assets.xcassets */,
				886269692C6CEBD0001334C7 /* LaunchScreen.storyboard */,
				8862696C2C6CEBD0001334C7 /* Info.plist */,
			);
			path = giaidoan3;
			sourceTree = "<group>";
		};
		886269742C6CEBD0001334C7 /* giaidoan3Tests */ = {
			isa = PBXGroup;
			children = (
				886269752C6CEBD0001334C7 /* giaidoan3Tests.swift */,
			);
			path = giaidoan3Tests;
			sourceTree = "<group>";
		};
		8862697E2C6CEBD0001334C7 /* giaidoan3UITests */ = {
			isa = PBXGroup;
			children = (
				8862697F2C6CEBD0001334C7 /* giaidoan3UITests.swift */,
				886269812C6CEBD0001334C7 /* giaidoan3UITestsLaunchTests.swift */,
			);
			path = giaidoan3UITests;
			sourceTree = "<group>";
		};
/* End PBXGroup section */

/* Begin PBXNativeTarget section */
		8862695A2C6CEBCF001334C7 /* giaidoan3 */ = {
			isa = PBXNativeTarget;
			buildConfigurationList = 886269852C6CEBD0001334C7 /* Build configuration list for PBXNativeTarget "giaidoan3" */;
			buildPhases = (
				886269572C6CEBCF001334C7 /* Sources */,
				886269582C6CEBCF001334C7 /* Frameworks */,
				886269592C6CEBCF001334C7 /* Resources */,
			);
			buildRules = (
			);
			dependencies = (
			);
			name = giaidoan3;
			productName = giaidoan3;
			productReference = 8862695B2C6CEBCF001334C7 /* giaidoan3.app */;
			productType = "com.apple.product-type.application";
		};
		886269702C6CEBD0001334C7 /* giaidoan3Tests */ = {
			isa = PBXNativeTarget;
			buildConfigurationList = 886269882C6CEBD0001334C7 /* Build configuration list for PBXNativeTarget "giaidoan3Tests" */;
			buildPhases = (
				8862696D2C6CEBD0001334C7 /* Sources */,
				8862696E2C6CEBD0001334C7 /* Frameworks */,
				8862696F2C6CEBD0001334C7 /* Resources */,
			);
			buildRules = (
			);
			dependencies = (
				886269732C6CEBD0001334C7 /* PBXTargetDependency */,
			);
			name = giaidoan3Tests;
			productName = giaidoan3Tests;
			productReference = 886269712C6CEBD0001334C7 /* giaidoan3Tests.xctest */;
			productType = "com.apple.product-type.bundle.unit-test";
		};
		8862697A2C6CEBD0001334C7 /* giaidoan3UITests */ = {
			isa = PBXNativeTarget;
			buildConfigurationList = 8862698B2C6CEBD0001334C7 /* Build configuration list for PBXNativeTarget "giaidoan3UITests" */;
			buildPhases = (
				886269772C6CEBD0001334C7 /* Sources */,
				886269782C6CEBD0001334C7 /* Frameworks */,
				886269792C6CEBD0001334C7 /* Resources */,
			);
			buildRules = (
			);
			dependencies = (
				8862697D2C6CEBD0001334C7 /* PBXTargetDependency */,
			);
			name = giaidoan3UITests;
			productName = giaidoan3UITests;
			productReference = 8862697B2C6CEBD0001334C7 /* giaidoan3UITests.xctest */;
			productType = "com.apple.product-type.bundle.ui-testing";
		};
/* End PBXNativeTarget section */

/* Begin PBXProject section */
		886269532C6CEBCF001334C7 /* Project object */ = {
			isa = PBXProject;
			attributes = {
				BuildIndependentTargetsInParallel = 1;
				LastSwiftUpdateCheck = 1540;
				LastUpgradeCheck = 1540;
				TargetAttributes = {
					8862695A2C6CEBCF001334C7 = {
						CreatedOnToolsVersion = 15.4;
					};
					886269702C6CEBD0001334C7 = {
						CreatedOnToolsVersion = 15.4;
						TestTargetID = 8862695A2C6CEBCF001334C7;
					};
					8862697A2C6CEBD0001334C7 = {
						CreatedOnToolsVersion = 15.4;
						TestTargetID = 8862695A2C6CEBCF001334C7;
					};
				};
			};
			buildConfigurationList = 886269562C6CEBCF001334C7 /* Build configuration list for PBXProject "giaidoan3" */;
			compatibilityVersion = "Xcode 14.0";
			developmentRegion = en;
			hasScannedForEncodings = 0;
			knownRegions = (
				en,
				Base,
			);
			mainGroup = 886269522C6CEBCF001334C7;
			productRefGroup = 8862695C2C6CEBCF001334C7 /* Products */;
			projectDirPath = "";
			projectRoot = "";
			targets = (
				8862695A2C6CEBCF001334C7 /* giaidoan3 */,
				886269702C6CEBD0001334C7 /* giaidoan3Tests */,
				8862697A2C6CEBD0001334C7 /* giaidoan3UITests */,
			);
		};
/* End PBXProject section */

/* Begin PBXResourcesBuildPhase section */
		886269592C6CEBCF001334C7 /* Resources */ = {
			isa = PBXResourcesBuildPhase;
			buildActionMask = 2147483647;
			files = (
				886269682C6CEBD0001334C7 /* Assets.xcassets in Resources */,
				8862696B2C6CEBD0001334C7 /* Base in Resources */,
				886269662C6CEBCF001334C7 /* Base in Resources */,
			);
			runOnlyForDeploymentPostprocessing = 0;
		};
		8862696F2C6CEBD0001334C7 /* Resources */ = {
			isa = PBXResourcesBuildPhase;
			buildActionMask = 2147483647;
			files = (
			);
			runOnlyForDeploymentPostprocessing = 0;
		};
		886269792C6CEBD0001334C7 /* Resources */ = {
			isa = PBXResourcesBuildPhase;
			buildActionMask = 2147483647;
			files = (
			);
			runOnlyForDeploymentPostprocessing = 0;
		};
/* End PBXResourcesBuildPhase section */

/* Begin PBXSourcesBuildPhase section */
		886269572C6CEBCF001334C7 /* Sources */ = {
			isa = PBXSourcesBuildPhase;
			buildActionMask = 2147483647;
			files = (
				886269632C6CEBCF001334C7 /* ViewController.swift in Sources */,
				8862695F2C6CEBCF001334C7 /* AppDelegate.swift in Sources */,
				886269612C6CEBCF001334C7 /* SceneDelegate.swift in Sources */,
			);
			runOnlyForDeploymentPostprocessing = 0;
		};
		8862696D2C6CEBD0001334C7 /* Sources */ = {
			isa = PBXSourcesBuildPhase;
			buildActionMask = 2147483647;
			files = (
				886269762C6CEBD0001334C7 /* giaidoan3Tests.swift in Sources */,
			);
			runOnlyForDeploymentPostprocessing = 0;
		};
		886269772C6CEBD0001334C7 /* Sources */ = {
			isa = PBXSourcesBuildPhase;
			buildActionMask = 2147483647;
			files = (
				886269822C6CEBD0001334C7 /* giaidoan3UITestsLaunchTests.swift in Sources */,
				886269802C6CEBD0001334C7 /* giaidoan3UITests.swift in Sources */,
			);
			runOnlyForDeploymentPostprocessing = 0;
		};
/* End PBXSourcesBuildPhase section */

/* Begin PBXTargetDependency section */
		886269732C6CEBD0001334C7 /* PBXTargetDependency */ = {
			isa = PBXTargetDependency;
			target = 8862695A2C6CEBCF001334C7 /* giaidoan3 */;
			targetProxy = 886269722C6CEBD0001334C7 /* PBXContainerItemProxy */;
		};
		8862697D2C6CEBD0001334C7 /* PBXTargetDependency */ = {
			isa = PBXTargetDependency;
			target = 8862695A2C6CEBCF001334C7 /* giaidoan3 */;
			targetProxy = 8862697C2C6CEBD0001334C7 /* PBXContainerItemProxy */;
		};
/* End PBXTargetDependency section */

/* Begin PBXVariantGroup section */
		886269642C6CEBCF001334C7 /* Main.storyboard */ = {
			isa = PBXVariantGroup;
			children = (
				886269652C6CEBCF001334C7 /* Base */,
			);
			name = Main.storyboard;
			sourceTree = "<group>";
		};
		886269692C6CEBD0001334C7 /* LaunchScreen.storyboard */ = {
			isa = PBXVariantGroup;
			children = (
				8862696A2C6CEBD0001334C7 /* Base */,
			);
			name = LaunchScreen.storyboard;
			sourceTree = "<group>";
		};
/* End PBXVariantGroup section */

/* Begin XCBuildConfiguration section */
		886269832C6CEBD0001334C7 /* Debug */ = {
			isa = XCBuildConfiguration;
			buildSettings = {
				ALWAYS_SEARCH_USER_PATHS = NO;
				ASSETCATALOG_COMPILER_GENERATE_SWIFT_ASSET_SYMBOL_EXTENSIONS = YES;
				CLANG_ANALYZER_NONNULL = YES;
				CLANG_ANALYZER_NUMBER_OBJECT_CONVERSION = YES_AGGRESSIVE;
				CLANG_CXX_LANGUAGE_STANDARD = "gnu++20";
				CLANG_ENABLE_MODULES = YES;
				CLANG_ENABLE_OBJC_ARC = YES;
				CLANG_ENABLE_OBJC_WEAK = YES;
				CLANG_WARN_BLOCK_CAPTURE_AUTORELEASING = YES;
				CLANG_WARN_BOOL_CONVERSION = YES;
				CLANG_WARN_COMMA = YES;
				CLANG_WARN_CONSTANT_CONVERSION = YES;
				CLANG_WARN_DEPRECATED_OBJC_IMPLEMENTATIONS = YES;
				CLANG_WARN_DIRECT_OBJC_ISA_USAGE = YES_ERROR;
				CLANG_WARN_DOCUMENTATION_COMMENTS = YES;
				CLANG_WARN_EMPTY_BODY = YES;
				CLANG_WARN_ENUM_CONVERSION = YES;
				CLANG_WARN_INFINITE_RECURSION = YES;
				CLANG_WARN_INT_CONVERSION = YES;
				CLANG_WARN_NON_LITERAL_NULL_CONVERSION = YES;
				CLANG_WARN_OBJC_IMPLICIT_RETAIN_SELF = YES;
				CLANG_WARN_OBJC_LITERAL_CONVERSION = YES;
				CLANG_WARN_OBJC_ROOT_CLASS = YES_ERROR;
				CLANG_WARN_QUOTED_INCLUDE_IN_FRAMEWORK_HEADER = YES;
				CLANG_WARN_RANGE_LOOP_ANALYSIS = YES;
				CLANG_WARN_STRICT_PROTOTYPES = YES;
				CLANG_WARN_SUSPICIOUS_MOVE = YES;
				CLANG_WARN_UNGUARDED_AVAILABILITY = YES_AGGRESSIVE;
				CLANG_WARN_UNREACHABLE_CODE = YES;
				CLANG_WARN__DUPLICATE_METHOD_MATCH = YES;
				COPY_PHASE_STRIP = NO;
				DEBUG_INFORMATION_FORMAT = dwarf;
				ENABLE_STRICT_OBJC_MSGSEND = YES;
				ENABLE_TESTABILITY = YES;
				ENABLE_USER_SCRIPT_SANDBOXING = YES;
				GCC_C_LANGUAGE_STANDARD = gnu17;
				GCC_DYNAMIC_NO_PIC = NO;
				GCC_NO_COMMON_BLOCKS = YES;
				GCC_OPTIMIZATION_LEVEL = 0;
				GCC_PREPROCESSOR_DEFINITIONS = (
					"DEBUG=1",
					"$(inherited)",
				);
				GCC_WARN_64_TO_32_BIT_CONVERSION = YES;
				GCC_WARN_ABOUT_RETURN_TYPE = YES_ERROR;
				GCC_WARN_UNDECLARED_SELECTOR = YES;
				GCC_WARN_UNINITIALIZED_AUTOS = YES_AGGRESSIVE;
				GCC_WARN_UNUSED_FUNCTION = YES;
				GCC_WARN_UNUSED_VARIABLE = YES;
				IPHONEOS_DEPLOYMENT_TARGET = 17.5;
				LOCALIZATION_PREFERS_STRING_CATALOGS = YES;
				MTL_ENABLE_DEBUG_INFO = INCLUDE_SOURCE;
				MTL_FAST_MATH = YES;
				ONLY_ACTIVE_ARCH = YES;
				SDKROOT = iphoneos;
				SWIFT_ACTIVE_COMPILATION_CONDITIONS = "DEBUG $(inherited)";
				SWIFT_OPTIMIZATION_LEVEL = "-Onone";
			};
			name = Debug;
		};
		886269842C6CEBD0001334C7 /* Release */ = {
			isa = XCBuildConfiguration;
			buildSettings = {
				ALWAYS_SEARCH_USER_PATHS = NO;
				ASSETCATALOG_COMPILER_GENERATE_SWIFT_ASSET_SYMBOL_EXTENSIONS = YES;
				CLANG_ANALYZER_NONNULL = YES;
				CLANG_ANALYZER_NUMBER_OBJECT_CONVERSION = YES_AGGRESSIVE;
				CLANG_CXX_LANGUAGE_STANDARD = "gnu++20";
				CLANG_ENABLE_MODULES = YES;
				CLANG_ENABLE_OBJC_ARC = YES;
				CLANG_ENABLE_OBJC_WEAK = YES;
				CLANG_WARN_BLOCK_CAPTURE_AUTORELEASING = YES;
				CLANG_WARN_BOOL_CONVERSION = YES;
				CLANG_WARN_COMMA = YES;
				CLANG_WARN_CONSTANT_CONVERSION = YES;
				CLANG_WARN_DEPRECATED_OBJC_IMPLEMENTATIONS = YES;
				CLANG_WARN_DIRECT_OBJC_ISA_USAGE = YES_ERROR;
				CLANG_WARN_DOCUMENTATION_COMMENTS = YES;
				CLANG_WARN_EMPTY_BODY = YES;
				CLANG_WARN_ENUM_CONVERSION = YES;
				CLANG_WARN_INFINITE_RECURSION = YES;
				CLANG_WARN_INT_CONVERSION = YES;
				CLANG_WARN_NON_LITERAL_NULL_CONVERSION = YES;
				CLANG_WARN_OBJC_IMPLICIT_RETAIN_SELF = YES;
				CLANG_WARN_OBJC_LITERAL_CONVERSION = YES;
				CLANG_WARN_OBJC_ROOT_CLASS = YES_ERROR;
				CLANG_WARN_QUOTED_INCLUDE_IN_FRAMEWORK_HEADER = YES;
				CLANG_WARN_RANGE_LOOP_ANALYSIS = YES;
				CLANG_WARN_STRICT_PROTOTYPES = YES;
				CLANG_WARN_SUSPICIOUS_MOVE = YES;
				CLANG_WARN_UNGUARDED_AVAILABILITY = YES_AGGRESSIVE;
				CLANG_WARN_UNREACHABLE_CODE = YES;
				CLANG_WARN__DUPLICATE_METHOD_MATCH = YES;
				COPY_PHASE_STRIP = NO;
				DEBUG_INFORMATION_FORMAT = "dwarf-with-dsym";
				ENABLE_NS_ASSERTIONS = NO;
				ENABLE_STRICT_OBJC_MSGSEND = YES;
				ENABLE_USER_SCRIPT_SANDBOXING = YES;
				GCC_C_LANGUAGE_STANDARD = gnu17;
				GCC_NO_COMMON_BLOCKS = YES;
				GCC_WARN_64_TO_32_BIT_CONVERSION = YES;
				GCC_WARN_ABOUT_RETURN_TYPE = YES_ERROR;
				GCC_WARN_UNDECLARED_SELECTOR = YES;
				GCC_WARN_UNINITIALIZED_AUTOS = YES_AGGRESSIVE;
				GCC_WARN_UNUSED_FUNCTION = YES;
				GCC_WARN_UNUSED_VARIABLE = YES;
				IPHONEOS_DEPLOYMENT_TARGET = 17.5;
				LOCALIZATION_PREFERS_STRING_CATALOGS = YES;
				MTL_ENABLE_DEBUG_INFO = NO;
				MTL_FAST_MATH = YES;
				SDKROOT = iphoneos;
				SWIFT_COMPILATION_MODE = wholemodule;
				VALIDATE_PRODUCT = YES;
			};
			name = Release;
		};
		886269862C6CEBD0001334C7 /* Debug */ = {
			isa = XCBuildConfiguration;
			buildSettings = {
				ASSETCATALOG_COMPILER_APPICON_NAME = AppIcon;
				ASSETCATALOG_COMPILER_GLOBAL_ACCENT_COLOR_NAME = AccentColor;
				CODE_SIGN_STYLE = Automatic;
				CURRENT_PROJECT_VERSION = 1;
				DEVELOPMENT_TEAM = 9JA8W88BH9;
				GENERATE_INFOPLIST_FILE = YES;
				INFOPLIST_FILE = giaidoan3/Info.plist;
				INFOPLIST_KEY_UIApplicationSupportsIndirectInputEvents = YES;
				INFOPLIST_KEY_UILaunchStoryboardName = LaunchScreen;
				INFOPLIST_KEY_UIMainStoryboardFile = Main;
				INFOPLIST_KEY_UISupportedInterfaceOrientations_iPad = "UIInterfaceOrientationPortrait UIInterfaceOrientationPortraitUpsideDown UIInterfaceOrientationLandscapeLeft UIInterfaceOrientationLandscapeRight";
				INFOPLIST_KEY_UISupportedInterfaceOrientations_iPhone = "UIInterfaceOrientationPortrait UIInterfaceOrientationLandscapeLeft UIInterfaceOrientationLandscapeRight";
				LD_RUNPATH_SEARCH_PATHS = (
					"$(inherited)",
					"@executable_path/Frameworks",
				);
				MARKETING_VERSION = 1.0;
				PRODUCT_BUNDLE_IDENTIFIER = name.dangdeptrai.giaidoan3;
				PRODUCT_NAME = "$(TARGET_NAME)";
				SWIFT_EMIT_LOC_STRINGS = YES;
				SWIFT_VERSION = 5.0;
				TARGETED_DEVICE_FAMILY = "1,2";
			};
			name = Debug;
		};
		886269872C6CEBD0001334C7 /* Release */ = {
			isa = XCBuildConfiguration;
			buildSettings = {
				ASSETCATALOG_COMPILER_APPICON_NAME = AppIcon;
				ASSETCATALOG_COMPILER_GLOBAL_ACCENT_COLOR_NAME = AccentColor;
				CODE_SIGN_STYLE = Automatic;
				CURRENT_PROJECT_VERSION = 1;
				DEVELOPMENT_TEAM = 9JA8W88BH9;
				GENERATE_INFOPLIST_FILE = YES;
				INFOPLIST_FILE = giaidoan3/Info.plist;
				INFOPLIST_KEY_UIApplicationSupportsIndirectInputEvents = YES;
				INFOPLIST_KEY_UILaunchStoryboardName = LaunchScreen;
				INFOPLIST_KEY_UIMainStoryboardFile = Main;
				INFOPLIST_KEY_UISupportedInterfaceOrientations_iPad = "UIInterfaceOrientationPortrait UIInterfaceOrientationPortraitUpsideDown UIInterfaceOrientationLandscapeLeft UIInterfaceOrientationLandscapeRight";
				INFOPLIST_KEY_UISupportedInterfaceOrientations_iPhone = "UIInterfaceOrientationPortrait UIInterfaceOrientationLandscapeLeft UIInterfaceOrientationLandscapeRight";
				LD_RUNPATH_SEARCH_PATHS = (
					"$(inherited)",
					"@executable_path/Frameworks",
				);
				MARKETING_VERSION = 1.0;
				PRODUCT_BUNDLE_IDENTIFIER = name.dangdeptrai.giaidoan3;
				PRODUCT_NAME = "$(TARGET_NAME)";
				SWIFT_EMIT_LOC_STRINGS = YES;
				SWIFT_VERSION = 5.0;
				TARGETED_DEVICE_FAMILY = "1,2";
			};
			name = Release;
		};
		886269892C6CEBD0001334C7 /* Debug */ = {
			isa = XCBuildConfiguration;
			buildSettings = {
				ALWAYS_EMBED_SWIFT_STANDARD_LIBRARIES = YES;
				BUNDLE_LOADER = "$(TEST_HOST)";
				CODE_SIGN_STYLE = Automatic;
				CURRENT_PROJECT_VERSION = 1;
				DEVELOPMENT_TEAM = 9JA8W88BH9;
				GENERATE_INFOPLIST_FILE = YES;
				IPHONEOS_DEPLOYMENT_TARGET = 17.5;
				MARKETING_VERSION = 1.0;
				PRODUCT_BUNDLE_IDENTIFIER = name.dangdeptrai.giaidoan3Tests;
				PRODUCT_NAME = "$(TARGET_NAME)";
				SWIFT_EMIT_LOC_STRINGS = NO;
				SWIFT_VERSION = 5.0;
				TARGETED_DEVICE_FAMILY = "1,2";
				TEST_HOST = "$(BUILT_PRODUCTS_DIR)/giaidoan3.app/$(BUNDLE_EXECUTABLE_FOLDER_PATH)/giaidoan3";
			};
			name = Debug;
		};
		8862698A2C6CEBD0001334C7 /* Release */ = {
			isa = XCBuildConfiguration;
			buildSettings = {
				ALWAYS_EMBED_SWIFT_STANDARD_LIBRARIES = YES;
				BUNDLE_LOADER = "$(TEST_HOST)";
				CODE_SIGN_STYLE = Automatic;
				CURRENT_PROJECT_VERSION = 1;
				DEVELOPMENT_TEAM = 9JA8W88BH9;
				GENERATE_INFOPLIST_FILE = YES;
				IPHONEOS_DEPLOYMENT_TARGET = 17.5;
				MARKETING_VERSION = 1.0;
				PRODUCT_BUNDLE_IDENTIFIER = name.dangdeptrai.giaidoan3Tests;
				PRODUCT_NAME = "$(TARGET_NAME)";
				SWIFT_EMIT_LOC_STRINGS = NO;
				SWIFT_VERSION = 5.0;
				TARGETED_DEVICE_FAMILY = "1,2";
				TEST_HOST = "$(BUILT_PRODUCTS_DIR)/giaidoan3.app/$(BUNDLE_EXECUTABLE_FOLDER_PATH)/giaidoan3";
			};
			name = Release;
		};
		8862698C2C6CEBD0001334C7 /* Debug */ = {
			isa = XCBuildConfiguration;
			buildSettings = {
				ALWAYS_EMBED_SWIFT_STANDARD_LIBRARIES = YES;
				CODE_SIGN_STYLE = Automatic;
				CURRENT_PROJECT_VERSION = 1;
				DEVELOPMENT_TEAM = 9JA8W88BH9;
				GENERATE_INFOPLIST_FILE = YES;
				MARKETING_VERSION = 1.0;
				PRODUCT_BUNDLE_IDENTIFIER = name.dangdeptrai.giaidoan3UITests;
				PRODUCT_NAME = "$(TARGET_NAME)";
				SWIFT_EMIT_LOC_STRINGS = NO;
				SWIFT_VERSION = 5.0;
				TARGETED_DEVICE_FAMILY = "1,2";
				TEST_TARGET_NAME = giaidoan3;
			};
			name = Debug;
		};
		8862698D2C6CEBD0001334C7 /* Release */ = {
			isa = XCBuildConfiguration;
			buildSettings = {
				ALWAYS_EMBED_SWIFT_STANDARD_LIBRARIES = YES;
				CODE_SIGN_STYLE = Automatic;
				CURRENT_PROJECT_VERSION = 1;
				DEVELOPMENT_TEAM = 9JA8W88BH9;
				GENERATE_INFOPLIST_FILE = YES;
				MARKETING_VERSION = 1.0;
				PRODUCT_BUNDLE_IDENTIFIER = name.dangdeptrai.giaidoan3UITests;
				PRODUCT_NAME = "$(TARGET_NAME)";
				SWIFT_EMIT_LOC_STRINGS = NO;
				SWIFT_VERSION = 5.0;
				TARGETED_DEVICE_FAMILY = "1,2";
				TEST_TARGET_NAME = giaidoan3;
			};
			name = Release;
		};
/* End XCBuildConfiguration section */

/* Begin XCConfigurationList section */
		886269562C6CEBCF001334C7 /* Build configuration list for PBXProject "giaidoan3" */ = {
			isa = XCConfigurationList;
			buildConfigurations = (
				886269832C6CEBD0001334C7 /* Debug */,
				886269842C6CEBD0001334C7 /* Release */,
			);
			defaultConfigurationIsVisible = 0;
			defaultConfigurationName = Release;
		};
		886269852C6CEBD0001334C7 /* Build configuration list for PBXNativeTarget "giaidoan3" */ = {
			isa = XCConfigurationList;
			buildConfigurations = (
				886269862C6CEBD0001334C7 /* Debug */,
				886269872C6CEBD0001334C7 /* Release */,
			);
			defaultConfigurationIsVisible = 0;
			defaultConfigurationName = Release;
		};
		886269882C6CEBD0001334C7 /* Build configuration list for PBXNativeTarget "giaidoan3Tests" */ = {
			isa = XCConfigurationList;
			buildConfigurations = (
				886269892C6CEBD0001334C7 /* Debug */,
				8862698A2C6CEBD0001334C7 /* Release */,
			);
			defaultConfigurationIsVisible = 0;
			defaultConfigurationName = Release;
		};
		8862698B2C6CEBD0001334C7 /* Build configuration list for PBXNativeTarget "giaidoan3UITests" */ = {
			isa = XCConfigurationList;
			buildConfigurations = (
				8862698C2C6CEBD0001334C7 /* Debug */,
				8862698D2C6CEBD0001334C7 /* Release */,
			);
			defaultConfigurationIsVisible = 0;
			defaultConfigurationName = Release;
		};
/* End XCConfigurationList section */
	};
	rootObject = 886269532C6CEBCF001334C7 /* Project object */;
}
